// !$*UTF8*$!
{
	archiveVersion = 1;
	classes = {
	};
	objectVersion = 55;
	objects = {

/* Begin PBXBuildFile section */
		4C2EA26227AAE93100AC582D /* AppDelegate.swift in Sources */ = {isa = PBXBuildFile; fileRef = 4C2EA26127AAE93100AC582D /* AppDelegate.swift */; };
		4C2EA26427AAE93100AC582D /* SceneDelegate.swift in Sources */ = {isa = PBXBuildFile; fileRef = 4C2EA26327AAE93100AC582D /* SceneDelegate.swift */; };
		4C2EA26927AAE93100AC582D /* Main.storyboard in Resources */ = {isa = PBXBuildFile; fileRef = 4C2EA26727AAE93100AC582D /* Main.storyboard */; };
		4C2EA26C27AAE93100AC582D /* GoodNewsApp.xcdatamodeld in Sources */ = {isa = PBXBuildFile; fileRef = 4C2EA26A27AAE93100AC582D /* GoodNewsApp.xcdatamodeld */; };
		4C2EA26E27AAE93700AC582D /* Assets.xcassets in Resources */ = {isa = PBXBuildFile; fileRef = 4C2EA26D27AAE93700AC582D /* Assets.xcassets */; };
		4C2EA27127AAE93800AC582D /* LaunchScreen.storyboard in Resources */ = {isa = PBXBuildFile; fileRef = 4C2EA26F27AAE93800AC582D /* LaunchScreen.storyboard */; };
		4C2EA27927AAEAB400AC582D /* NewsListTableViewController.swift in Sources */ = {isa = PBXBuildFile; fileRef = 4C2EA27827AAEAB400AC582D /* NewsListTableViewController.swift */; };
		4C2EA27D27AAF23300AC582D /* Webservice.swift in Sources */ = {isa = PBXBuildFile; fileRef = 4C2EA27C27AAF23300AC582D /* Webservice.swift */; };
		4C2EA28027AC36CF00AC582D /* Article.swift in Sources */ = {isa = PBXBuildFile; fileRef = 4C2EA27F27AC36CF00AC582D /* Article.swift */; };
		4C2EA28327AC3FDB00AC582D /* ArticleViewModel.swift in Sources */ = {isa = PBXBuildFile; fileRef = 4C2EA28227AC3FDA00AC582D /* ArticleViewModel.swift */; };
		4C2EA28727AC448C00AC582D /* ArticleTableViewCell.swift in Sources */ = {isa = PBXBuildFile; fileRef = 4C2EA28627AC448C00AC582D /* ArticleTableViewCell.swift */; };
/* End PBXBuildFile section */

/* Begin PBXFileReference section */
		4C2EA25E27AAE93100AC582D /* GoodNewsApp.app */ = {isa = PBXFileReference; explicitFileType = wrapper.application; includeInIndex = 0; path = GoodNewsApp.app; sourceTree = BUILT_PRODUCTS_DIR; };
		4C2EA26127AAE93100AC582D /* AppDelegate.swift */ = {isa = PBXFileReference; lastKnownFileType = sourcecode.swift; path = AppDelegate.swift; sourceTree = "<group>"; };
		4C2EA26327AAE93100AC582D /* SceneDelegate.swift */ = {isa = PBXFileReference; lastKnownFileType = sourcecode.swift; path = SceneDelegate.swift; sourceTree = "<group>"; };
		4C2EA26827AAE93100AC582D /* Base */ = {isa = PBXFileReference; lastKnownFileType = file.storyboard; name = Base; path = Base.lproj/Main.storyboard; sourceTree = "<group>"; };
		4C2EA26B27AAE93100AC582D /* GoodNewsApp.xcdatamodel */ = {isa = PBXFileReference; lastKnownFileType = wrapper.xcdatamodel; path = GoodNewsApp.xcdatamodel; sourceTree = "<group>"; };
		4C2EA26D27AAE93700AC582D /* Assets.xcassets */ = {isa = PBXFileReference; lastKnownFileType = folder.assetcatalog; path = Assets.xcassets; sourceTree = "<group>"; };
		4C2EA27027AAE93800AC582D /* Base */ = {isa = PBXFileReference; lastKnownFileType = file.storyboard; name = Base; path = Base.lproj/LaunchScreen.storyboard; sourceTree = "<group>"; };
		4C2EA27227AAE93800AC582D /* Info.plist */ = {isa = PBXFileReference; lastKnownFileType = text.plist.xml; path = Info.plist; sourceTree = "<group>"; };
		4C2EA27827AAEAB400AC582D /* NewsListTableViewController.swift */ = {isa = PBXFileReference; lastKnownFileType = sourcecode.swift; path = NewsListTableViewController.swift; sourceTree = "<group>"; };
		4C2EA27C27AAF23300AC582D /* Webservice.swift */ = {isa = PBXFileReference; lastKnownFileType = sourcecode.swift; path = Webservice.swift; sourceTree = "<group>"; };
		4C2EA27F27AC36CF00AC582D /* Article.swift */ = {isa = PBXFileReference; lastKnownFileType = sourcecode.swift; path = Article.swift; sourceTree = "<group>"; };
		4C2EA28227AC3FDA00AC582D /* ArticleViewModel.swift */ = {isa = PBXFileReference; lastKnownFileType = sourcecode.swift; path = ArticleViewModel.swift; sourceTree = "<group>"; };
		4C2EA28627AC448C00AC582D /* ArticleTableViewCell.swift */ = {isa = PBXFileReference; lastKnownFileType = sourcecode.swift; path = ArticleTableViewCell.swift; sourceTree = "<group>"; };
/* End PBXFileReference section */

/* Begin PBXFrameworksBuildPhase section */
		4C2EA25B27AAE93100AC582D /* Frameworks */ = {
			isa = PBXFrameworksBuildPhase;
			buildActionMask = 2147483647;
			files = (
			);
			runOnlyForDeploymentPostprocessing = 0;
		};
/* End PBXFrameworksBuildPhase section */

/* Begin PBXGroup section */
		4C2EA25527AAE93100AC582D = {
			isa = PBXGroup;
			children = (
				4C2EA26027AAE93100AC582D /* GoodNewsApp */,
				4C2EA25F27AAE93100AC582D /* Products */,
			);
			sourceTree = "<group>";
		};
		4C2EA25F27AAE93100AC582D /* Products */ = {
			isa = PBXGroup;
			children = (
				4C2EA25E27AAE93100AC582D /* GoodNewsApp.app */,
			);
			name = Products;
			sourceTree = "<group>";
		};
		4C2EA26027AAE93100AC582D /* GoodNewsApp */ = {
			isa = PBXGroup;
			children = (
				4C2EA28527AC447900AC582D /* Cells */,
				4C2EA28127AC3FCB00AC582D /* ViewModels */,
				4C2EA27E27AC368300AC582D /* Model */,
				4C2EA27B27AAF21C00AC582D /* Services */,
				4C2EA26127AAE93100AC582D /* AppDelegate.swift */,
				4C2EA26327AAE93100AC582D /* SceneDelegate.swift */,
				4C2EA28427AC429500AC582D /* View */,
				4C2EA27A27AAEABD00AC582D /* Controllers */,
				4C2EA26D27AAE93700AC582D /* Assets.xcassets */,
				4C2EA26F27AAE93800AC582D /* LaunchScreen.storyboard */,
				4C2EA27227AAE93800AC582D /* Info.plist */,
				4C2EA26A27AAE93100AC582D /* GoodNewsApp.xcdatamodeld */,
			);
			path = GoodNewsApp;
			sourceTree = "<group>";
		};
		4C2EA27A27AAEABD00AC582D /* Controllers */ = {
			isa = PBXGroup;
			children = (
				4C2EA27827AAEAB400AC582D /* NewsListTableViewController.swift */,
			);
			path = Controllers;
			sourceTree = "<group>";
		};
		4C2EA27B27AAF21C00AC582D /* Services */ = {
			isa = PBXGroup;
			children = (
				4C2EA27C27AAF23300AC582D /* Webservice.swift */,
			);
			path = Services;
			sourceTree = "<group>";
		};
		4C2EA27E27AC368300AC582D /* Model */ = {
			isa = PBXGroup;
			children = (
				4C2EA27F27AC36CF00AC582D /* Article.swift */,
			);
			name = Model;
			path = "Modeñl";
			sourceTree = "<group>";
		};
		4C2EA28127AC3FCB00AC582D /* ViewModels */ = {
			isa = PBXGroup;
			children = (
				4C2EA28227AC3FDA00AC582D /* ArticleViewModel.swift */,
			);
			path = ViewModels;
			sourceTree = "<group>";
		};
		4C2EA28427AC429500AC582D /* View */ = {
			isa = PBXGroup;
			children = (
				4C2EA26727AAE93100AC582D /* Main.storyboard */,
			);
			path = View;
			sourceTree = "<group>";
		};
		4C2EA28527AC447900AC582D /* Cells */ = {
			isa = PBXGroup;
			children = (
				4C2EA28627AC448C00AC582D /* ArticleTableViewCell.swift */,
			);
			path = Cells;
			sourceTree = "<group>";
		};
/* End PBXGroup section */

/* Begin PBXNativeTarget section */
		4C2EA25D27AAE93100AC582D /* GoodNewsApp */ = {
			isa = PBXNativeTarget;
			buildConfigurationList = 4C2EA27527AAE93800AC582D /* Build configuration list for PBXNativeTarget "GoodNewsApp" */;
			buildPhases = (
				4C2EA25A27AAE93100AC582D /* Sources */,
				4C2EA25B27AAE93100AC582D /* Frameworks */,
				4C2EA25C27AAE93100AC582D /* Resources */,
			);
			buildRules = (
			);
			dependencies = (
			);
			name = GoodNewsApp;
			productName = GoodNewsApp;
			productReference = 4C2EA25E27AAE93100AC582D /* GoodNewsApp.app */;
			productType = "com.apple.product-type.application";
		};
/* End PBXNativeTarget section */

/* Begin PBXProject section */
		4C2EA25627AAE93100AC582D /* Project object */ = {
			isa = PBXProject;
			attributes = {
				BuildIndependentTargetsInParallel = 1;
				LastSwiftUpdateCheck = 1320;
				LastUpgradeCheck = 1320;
				TargetAttributes = {
					4C2EA25D27AAE93100AC582D = {
						CreatedOnToolsVersion = 13.2.1;
					};
				};
			};
			buildConfigurationList = 4C2EA25927AAE93100AC582D /* Build configuration list for PBXProject "GoodNewsApp" */;
			compatibilityVersion = "Xcode 13.0";
			developmentRegion = en;
			hasScannedForEncodings = 0;
			knownRegions = (
				en,
				Base,
			);
			mainGroup = 4C2EA25527AAE93100AC582D;
			productRefGroup = 4C2EA25F27AAE93100AC582D /* Products */;
			projectDirPath = "";
			projectRoot = "";
			targets = (
				4C2EA25D27AAE93100AC582D /* GoodNewsApp */,
			);
		};
/* End PBXProject section */

/* Begin PBXResourcesBuildPhase section */
		4C2EA25C27AAE93100AC582D /* Resources */ = {
			isa = PBXResourcesBuildPhase;
			buildActionMask = 2147483647;
			files = (
				4C2EA27127AAE93800AC582D /* LaunchScreen.storyboard in Resources */,
				4C2EA26E27AAE93700AC582D /* Assets.xcassets in Resources */,
				4C2EA26927AAE93100AC582D /* Main.storyboard in Resources */,
			);
			runOnlyForDeploymentPostprocessing = 0;
		};
/* End PBXResourcesBuildPhase section */

/* Begin PBXSourcesBuildPhase section */
		4C2EA25A27AAE93100AC582D /* Sources */ = {
			isa = PBXSourcesBuildPhase;
			buildActionMask = 2147483647;
			files = (
				4C2EA27927AAEAB400AC582D /* NewsListTableViewController.swift in Sources */,
				4C2EA26227AAE93100AC582D /* AppDelegate.swift in Sources */,
				4C2EA28027AC36CF00AC582D /* Article.swift in Sources */,
				4C2EA26427AAE93100AC582D /* SceneDelegate.swift in Sources */,
				4C2EA27D27AAF23300AC582D /* Webservice.swift in Sources */,
				4C2EA28727AC448C00AC582D /* ArticleTableViewCell.swift in Sources */,
				4C2EA28327AC3FDB00AC582D /* ArticleViewModel.swift in Sources */,
				4C2EA26C27AAE93100AC582D /* GoodNewsApp.xcdatamodeld in Sources */,
			);
			runOnlyForDeploymentPostprocessing = 0;
		};
/* End PBXSourcesBuildPhase section */

/* Begin PBXVariantGroup section */
		4C2EA26727AAE93100AC582D /* Main.storyboard */ = {
			isa = PBXVariantGroup;
			children = (
				4C2EA26827AAE93100AC582D /* Base */,
			);
			name = Main.storyboard;
			sourceTree = "<group>";
		};
		4C2EA26F27AAE93800AC582D /* LaunchScreen.storyboard */ = {
			isa = PBXVariantGroup;
			children = (
				4C2EA27027AAE93800AC582D /* Base */,
			);
			name = LaunchScreen.storyboard;
			sourceTree = "<group>";
		};
/* End PBXVariantGroup section */

/* Begin XCBuildConfiguration section */
		4C2EA27327AAE93800AC582D /* Debug */ = {
			isa = XCBuildConfiguration;
			buildSettings = {
				ALWAYS_SEARCH_USER_PATHS = NO;
				CLANG_ANALYZER_NONNULL = YES;
				CLANG_ANALYZER_NUMBER_OBJECT_CONVERSION = YES_AGGRESSIVE;
				CLANG_CXX_LANGUAGE_STANDARD = "gnu++17";
				CLANG_CXX_LIBRARY = "libc++";
				CLANG_ENABLE_MODULES = YES;
				CLANG_ENABLE_OBJC_ARC = YES;
				CLANG_ENABLE_OBJC_WEAK = YES;
				CLANG_WARN_BLOCK_CAPTURE_AUTORELEASING = YES;
				CLANG_WARN_BOOL_CONVERSION = YES;
				CLANG_WARN_COMMA = YES;
				CLANG_WARN_CONSTANT_CONVERSION = YES;
				CLANG_WARN_DEPRECATED_OBJC_IMPLEMENTATIONS = YES;
				CLANG_WARN_DIRECT_OBJC_ISA_USAGE = YES_ERROR;
				CLANG_WARN_DOCUMENTATION_COMMENTS = YES;
				CLANG_WARN_EMPTY_BODY = YES;
				CLANG_WARN_ENUM_CONVERSION = YES;
				CLANG_WARN_INFINITE_RECURSION = YES;
				CLANG_WARN_INT_CONVERSION = YES;
				CLANG_WARN_NON_LITERAL_NULL_CONVERSION = YES;
				CLANG_WARN_OBJC_IMPLICIT_RETAIN_SELF = YES;
				CLANG_WARN_OBJC_LITERAL_CONVERSION = YES;
				CLANG_WARN_OBJC_ROOT_CLASS = YES_ERROR;
				CLANG_WARN_QUOTED_INCLUDE_IN_FRAMEWORK_HEADER = YES;
				CLANG_WARN_RANGE_LOOP_ANALYSIS = YES;
				CLANG_WARN_STRICT_PROTOTYPES = YES;
				CLANG_WARN_SUSPICIOUS_MOVE = YES;
				CLANG_WARN_UNGUARDED_AVAILABILITY = YES_AGGRESSIVE;
				CLANG_WARN_UNREACHABLE_CODE = YES;
				CLANG_WARN__DUPLICATE_METHOD_MATCH = YES;
				COPY_PHASE_STRIP = NO;
				DEBUG_INFORMATION_FORMAT = dwarf;
				ENABLE_STRICT_OBJC_MSGSEND = YES;
				ENABLE_TESTABILITY = YES;
				GCC_C_LANGUAGE_STANDARD = gnu11;
				GCC_DYNAMIC_NO_PIC = NO;
				GCC_NO_COMMON_BLOCKS = YES;
				GCC_OPTIMIZATION_LEVEL = 0;
				GCC_PREPROCESSOR_DEFINITIONS = (
					"DEBUG=1",
					"$(inherited)",
				);
				GCC_WARN_64_TO_32_BIT_CONVERSION = YES;
				GCC_WARN_ABOUT_RETURN_TYPE = YES_ERROR;
				GCC_WARN_UNDECLARED_SELECTOR = YES;
				GCC_WARN_UNINITIALIZED_AUTOS = YES_AGGRESSIVE;
				GCC_WARN_UNUSED_FUNCTION = YES;
				GCC_WARN_UNUSED_VARIABLE = YES;
				IPHONEOS_DEPLOYMENT_TARGET = 15.2;
				MTL_ENABLE_DEBUG_INFO = INCLUDE_SOURCE;
				MTL_FAST_MATH = YES;
				ONLY_ACTIVE_ARCH = YES;
				SDKROOT = iphoneos;
				SWIFT_ACTIVE_COMPILATION_CONDITIONS = DEBUG;
				SWIFT_OPTIMIZATION_LEVEL = "-Onone";
			};
			name = Debug;
		};
		4C2EA27427AAE93800AC582D /* Release */ = {
			isa = XCBuildConfiguration;
			buildSettings = {
				ALWAYS_SEARCH_USER_PATHS = NO;
				CLANG_ANALYZER_NONNULL = YES;
				CLANG_ANALYZER_NUMBER_OBJECT_CONVERSION = YES_AGGRESSIVE;
				CLANG_CXX_LANGUAGE_STANDARD = "gnu++17";
				CLANG_CXX_LIBRARY = "libc++";
				CLANG_ENABLE_MODULES = YES;
				CLANG_ENABLE_OBJC_ARC = YES;
				CLANG_ENABLE_OBJC_WEAK = YES;
				CLANG_WARN_BLOCK_CAPTURE_AUTORELEASING = YES;
				CLANG_WARN_BOOL_CONVERSION = YES;
				CLANG_WARN_COMMA = YES;
				CLANG_WARN_CONSTANT_CONVERSION = YES;
				CLANG_WARN_DEPRECATED_OBJC_IMPLEMENTATIONS = YES;
				CLANG_WARN_DIRECT_OBJC_ISA_USAGE = YES_ERROR;
				CLANG_WARN_DOCUMENTATION_COMMENTS = YES;
				CLANG_WARN_EMPTY_BODY = YES;
				CLANG_WARN_ENUM_CONVERSION = YES;
				CLANG_WARN_INFINITE_RECURSION = YES;
				CLANG_WARN_INT_CONVERSION = YES;
				CLANG_WARN_NON_LITERAL_NULL_CONVERSION = YES;
				CLANG_WARN_OBJC_IMPLICIT_RETAIN_SELF = YES;
				CLANG_WARN_OBJC_LITERAL_CONVERSION = YES;
				CLANG_WARN_OBJC_ROOT_CLASS = YES_ERROR;
				CLANG_WARN_QUOTED_INCLUDE_IN_FRAMEWORK_HEADER = YES;
				CLANG_WARN_RANGE_LOOP_ANALYSIS = YES;
				CLANG_WARN_STRICT_PROTOTYPES = YES;
				CLANG_WARN_SUSPICIOUS_MOVE = YES;
				CLANG_WARN_UNGUARDED_AVAILABILITY = YES_AGGRESSIVE;
				CLANG_WARN_UNREACHABLE_CODE = YES;
				CLANG_WARN__DUPLICATE_METHOD_MATCH = YES;
				COPY_PHASE_STRIP = NO;
				DEBUG_INFORMATION_FORMAT = "dwarf-with-dsym";
				ENABLE_NS_ASSERTIONS = NO;
				ENABLE_STRICT_OBJC_MSGSEND = YES;
				GCC_C_LANGUAGE_STANDARD = gnu11;
				GCC_NO_COMMON_BLOCKS = YES;
				GCC_WARN_64_TO_32_BIT_CONVERSION = YES;
				GCC_WARN_ABOUT_RETURN_TYPE = YES_ERROR;
				GCC_WARN_UNDECLARED_SELECTOR = YES;
				GCC_WARN_UNINITIALIZED_AUTOS = YES_AGGRESSIVE;
				GCC_WARN_UNUSED_FUNCTION = YES;
				GCC_WARN_UNUSED_VARIABLE = YES;
				IPHONEOS_DEPLOYMENT_TARGET = 15.2;
				MTL_ENABLE_DEBUG_INFO = NO;
				MTL_FAST_MATH = YES;
				SDKROOT = iphoneos;
				SWIFT_COMPILATION_MODE = wholemodule;
				SWIFT_OPTIMIZATION_LEVEL = "-O";
				VALIDATE_PRODUCT = YES;
			};
			name = Release;
		};
		4C2EA27627AAE93800AC582D /* Debug */ = {
			isa = XCBuildConfiguration;
			buildSettings = {
				ASSETCATALOG_COMPILER_APPICON_NAME = AppIcon;
				ASSETCATALOG_COMPILER_GLOBAL_ACCENT_COLOR_NAME = AccentColor;
				CODE_SIGN_STYLE = Automatic;
				CURRENT_PROJECT_VERSION = 1;
				GENERATE_INFOPLIST_FILE = YES;
				INFOPLIST_FILE = GoodNewsApp/Info.plist;
				INFOPLIST_KEY_UIApplicationSupportsIndirectInputEvents = YES;
				INFOPLIST_KEY_UILaunchStoryboardName = LaunchScreen;
				INFOPLIST_KEY_UIMainStoryboardFile = Main;
				INFOPLIST_KEY_UISupportedInterfaceOrientations_iPad = "UIInterfaceOrientationPortrait UIInterfaceOrientationPortraitUpsideDown UIInterfaceOrientationLandscapeLeft UIInterfaceOrientationLandscapeRight";
				INFOPLIST_KEY_UISupportedInterfaceOrientations_iPhone = "UIInterfaceOrientationPortrait UIInterfaceOrientationLandscapeLeft UIInterfaceOrientationLandscapeRight";
				LD_RUNPATH_SEARCH_PATHS = (
					"$(inherited)",
					"@executable_path/Frameworks",
				);
				MARKETING_VERSION = 1.0;
				PRODUCT_BUNDLE_IDENTIFIER = com.cobianmora.GoodNewsApp;
				PRODUCT_NAME = "$(TARGET_NAME)";
				SWIFT_EMIT_LOC_STRINGS = YES;
				SWIFT_VERSION = 5.0;
				TARGETED_DEVICE_FAMILY = "1,2";
			};
			name = Debug;
		};
		4C2EA27727AAE93800AC582D /* Release */ = {
			isa = XCBuildConfiguration;
			buildSettings = {
				ASSETCATALOG_COMPILER_APPICON_NAME = AppIcon;
				ASSETCATALOG_COMPILER_GLOBAL_ACCENT_COLOR_NAME = AccentColor;
				CODE_SIGN_STYLE = Automatic;
				CURRENT_PROJECT_VERSION = 1;
				GENERATE_INFOPLIST_FILE = YES;
				INFOPLIST_FILE = GoodNewsApp/Info.plist;
				INFOPLIST_KEY_UIApplicationSupportsIndirectInputEvents = YES;
				INFOPLIST_KEY_UILaunchStoryboardName = LaunchScreen;
				INFOPLIST_KEY_UIMainStoryboardFile = Main;
				INFOPLIST_KEY_UISupportedInterfaceOrientations_iPad = "UIInterfaceOrientationPortrait UIInterfaceOrientationPortraitUpsideDown UIInterfaceOrientationLandscapeLeft UIInterfaceOrientationLandscapeRight";
				INFOPLIST_KEY_UISupportedInterfaceOrientations_iPhone = "UIInterfaceOrientationPortrait UIInterfaceOrientationLandscapeLeft UIInterfaceOrientationLandscapeRight";
				LD_RUNPATH_SEARCH_PATHS = (
					"$(inherited)",
					"@executable_path/Frameworks",
				);
				MARKETING_VERSION = 1.0;
				PRODUCT_BUNDLE_IDENTIFIER = com.cobianmora.GoodNewsApp;
				PRODUCT_NAME = "$(TARGET_NAME)";
				SWIFT_EMIT_LOC_STRINGS = YES;
				SWIFT_VERSION = 5.0;
				TARGETED_DEVICE_FAMILY = "1,2";
			};
			name = Release;
		};
/* End XCBuildConfiguration section */

/* Begin XCConfigurationList section */
		4C2EA25927AAE93100AC582D /* Build configuration list for PBXProject "GoodNewsApp" */ = {
			isa = XCConfigurationList;
			buildConfigurations = (
				4C2EA27327AAE93800AC582D /* Debug */,
				4C2EA27427AAE93800AC582D /* Release */,
			);
			defaultConfigurationIsVisible = 0;
			defaultConfigurationName = Release;
		};
		4C2EA27527AAE93800AC582D /* Build configuration list for PBXNativeTarget "GoodNewsApp" */ = {
			isa = XCConfigurationList;
			buildConfigurations = (
				4C2EA27627AAE93800AC582D /* Debug */,
				4C2EA27727AAE93800AC582D /* Release */,
			);
			defaultConfigurationIsVisible = 0;
			defaultConfigurationName = Release;
		};
/* End XCConfigurationList section */

/* Begin XCVersionGroup section */
		4C2EA26A27AAE93100AC582D /* GoodNewsApp.xcdatamodeld */ = {
			isa = XCVersionGroup;
			children = (
				4C2EA26B27AAE93100AC582D /* GoodNewsApp.xcdatamodel */,
			);
			currentVersion = 4C2EA26B27AAE93100AC582D /* GoodNewsApp.xcdatamodel */;
			path = GoodNewsApp.xcdatamodeld;
			sourceTree = "<group>";
			versionGroupType = wrapper.xcdatamodel;
		};
/* End XCVersionGroup section */
	};
	rootObject = 4C2EA25627AAE93100AC582D /* Project object */;
}
